{
  "requires": true,
  "lockfileVersion": 1,
  "dependencies": {
    "@formspree/core": {
      "version": "2.6.3",
      "resolved": "https://registry.npmjs.org/@formspree/core/-/core-2.6.3.tgz",
      "integrity": "sha512-MTDZAMV/iQiaHi2LEzb90LzsNkwrhOO4GKOm4p5b+pwBcj0Pj50Xb8olQ3Hrl1py1QuRwS+T8/YE7D6mDdFqnQ==",
      "requires": {
        "@types/promise-polyfill": "^6.0.3",
        "fetch-ponyfill": "^6.1.0",
        "promise-polyfill": "^8.1.3"
      }
    },
    "@formspree/react": {
      "version": "2.2.4",
      "resolved": "https://registry.npmjs.org/@formspree/react/-/react-2.2.4.tgz",
      "integrity": "sha512-eAtWpUB3udIC/7sdmZXMJM7Cr9whI0Ehc+cOPO2BwYWbWVbAd3rtWV91OtbINFzFCdzNK3TnN/xGGx3YOQAB0Q==",
      "requires": {
        "@formspree/core": "^2.6.1"
      }
    },
    "@types/promise-polyfill": {
      "version": "6.0.4",
      "resolved": "https://registry.npmjs.org/@types/promise-polyfill/-/promise-polyfill-6.0.4.tgz",
      "integrity": "sha512-GSCjjH6mDS8jgpT22rEOkZVqZcYj7i9AHJu4ntpvoohEpa0mLAKP/Kz3POMKqABaFsS4TyNHOeoyWpzycddcoQ=="
    },
    "fetch-ponyfill": {
      "version": "6.1.1",
      "resolved": "https://registry.npmjs.org/fetch-ponyfill/-/fetch-ponyfill-6.1.1.tgz",
      "integrity": "sha512-rWLgTr5A44/XhvCQPYj0X9Tc+cjUaHofSM4lcwjc9MavD5lkjIhJ+h8JQlavPlTIgDpwhuRozaIykBvX9ItaSA==",
      "requires": {
        "node-fetch": "~2.6.0"
      }
    },
    "node-fetch": {
      "version": "2.6.7",
      "resolved": "https://registry.npmjs.org/node-fetch/-/node-fetch-2.6.7.tgz",
      "integrity": "sha512-ZjMPFEfVx5j+y2yF35Kzx5sF7kDzxuDj6ziH4FFbOp87zKDZNx8yExJIb05OGF4Nlt9IHFIMBkRl41VdvcNdbQ==",
      "requires": {
        "whatwg-url": "^5.0.0"
      }
    },
    "promise-polyfill": {
      "version": "8.2.3",
      "resolved": "https://registry.npmjs.org/promise-polyfill/-/promise-polyfill-8.2.3.tgz",
      "integrity": "sha512-Og0+jCRQetV84U8wVjMNccfGCnMQ9mGs9Hv78QFe+pSDD3gWTpz0y+1QCuxy5d/vBFuZ3iwP2eycAkvqIMPmWg=="
    },
    "tr46": {
      "version": "0.0.3",
      "resolved": "https://registry.npmjs.org/tr46/-/tr46-0.0.3.tgz",
      "integrity": "sha1-gYT9NH2snNwYWZLzpmIuFLnZq2o="
    },
    "webidl-conversions": {
      "version": "3.0.1",
      "resolved": "https://registry.npmjs.org/webidl-conversions/-/webidl-conversions-3.0.1.tgz",
      "integrity": "sha1-JFNCdeKnvGvnvIZhHMFq4KVlSHE="
    },
    "whatwg-url": {
      "version": "5.0.0",
      "resolved": "https://registry.npmjs.org/whatwg-url/-/whatwg-url-5.0.0.tgz",
      "integrity": "sha1-lmRU6HZUYuN2RNNib2dCzotwll0=",
      "requires": {
        "tr46": "~0.0.3",
        "webidl-conversions": "^3.0.0"
      }
    }
  }
}
